
Microsoft Visual Studio Solution File, Format Version 12.00
Project("{FAE04EC0-301F-11D3-BF4B-00C04F79EFBC}") = "ui", "ui\ui.csproj", "{A6DF1F50-0E96-40BF-A8B2-AF30E122D885}"
EndProject
Project("{FAE04EC0-301F-11D3-BF4B-00C04F79EFBC}") = "projection", "projection\projection.csproj", "{ECBB57E0-2BB5-4A2B-8502-54A7507119AD}"
EndProject
Project("{FAE04EC0-301F-11D3-BF4B-00C04F79EFBC}") = "with-marten", "with-marten\with-marten.csproj", "{D787A9AE-1D9D-4F7F-80B8-AA9DF11D697F}"
EndProject
Global
	GlobalSection(SolutionConfigurationPlatforms) = preSolution
		Debug|Any CPU = Debug|Any CPU
		Release|Any CPU = Release|Any CPU
	EndGlobalSection
	GlobalSection(ProjectConfigurationPlatforms) = postSolution
		{A6DF1F50-0E96-40BF-A8B2-AF30E122D885}.Debug|Any CPU.ActiveCfg = Debug|Any CPU
		{A6DF1F50-0E96-40BF-A8B2-AF30E122D885}.Debug|Any CPU.Build.0 = Debug|Any CPU
		{A6DF1F50-0E96-40BF-A8B2-AF30E122D885}.Release|Any CPU.ActiveCfg = Release|Any CPU
		{A6DF1F50-0E96-40BF-A8B2-AF30E122D885}.Release|Any CPU.Build.0 = Release|Any CPU
		{ECBB57E0-2BB5-4A2B-8502-54A7507119AD}.Debug|Any CPU.ActiveCfg = Debug|Any CPU
		{ECBB57E0-2BB5-4A2B-8502-54A7507119AD}.Debug|Any CPU.Build.0 = Debug|Any CPU
		{ECBB57E0-2BB5-4A2B-8502-54A7507119AD}.Release|Any CPU.ActiveCfg = Release|Any CPU
		{ECBB57E0-2BB5-4A2B-8502-54A7507119AD}.Release|Any CPU.Build.0 = Release|Any CPU
		{D787A9AE-1D9D-4F7F-80B8-AA9DF11D697F}.Debug|Any CPU.ActiveCfg = Debug|Any CPU
		{D787A9AE-1D9D-4F7F-80B8-AA9DF11D697F}.Debug|Any CPU.Build.0 = Debug|Any CPU
		{D787A9AE-1D9D-4F7F-80B8-AA9DF11D697F}.Release|Any CPU.ActiveCfg = Release|Any CPU
		{D787A9AE-1D9D-4F7F-80B8-AA9DF11D697F}.Release|Any CPU.Build.0 = Release|Any CPU
	EndGlobalSection
EndGlobal
